
Microsoft Visual Studio Solution File, Format Version 12.00
# Visual Studio Version 16
VisualStudioVersion = 16.0.29318.209
MinimumVisualStudioVersion = 10.0.40219.1
Project("{9A19103F-16F7-4668-BE54-9A1E7A4F7556}") = "FtxApi", "FtxApi\FtxApi.csproj", "{0DF6B050-BF66-4F89-AF05-1376CD9C95B7}"
EndProject
Global
	GlobalSection(SolutionConfigurationPlatforms) = preSolution
		Debug|Any CPU = Debug|Any CPU
		Release|Any CPU = Release|Any CPU
	EndGlobalSection
	GlobalSection(ProjectConfigurationPlatforms) = postSolution
		{0DF6B050-BF66-4F89-AF05-1376CD9C95B7}.Debug|Any CPU.ActiveCfg = Debug|Any CPU
		{0DF6B050-BF66-4F89-AF05-1376CD9C95B7}.Debug|Any CPU.Build.0 = Debug|Any CPU
		{0DF6B050-BF66-4F89-AF05-1376CD9C95B7}.Release|Any CPU.ActiveCfg = Release|Any CPU
		{0DF6B050-BF66-4F89-AF05-1376CD9C95B7}.Release|Any CPU.Build.0 = Release|Any CPU
	EndGlobalSection
	GlobalSection(SolutionProperties) = preSolution
		HideSolutionNode = FALSE
	EndGlobalSection
	GlobalSection(ExtensibilityGlobals) = postSolution
		SolutionGuid = {D979F2D7-80FA-4506-A097-7412C5C4D688}
	EndGlobalSection
EndGlobal
